
Microsoft Visual Studio Solution File, Format Version 12.00
# Visual Studio Version 17
VisualStudioVersion = 17.1.32210.238
MinimumVisualStudioVersion = 10.0.40219.1
Project("{9A19103F-16F7-4668-BE54-9A1E7A4F7556}") = "logtool", "src\logtool\logtool.csproj", "{34382369-3437-4D95-AA02-AA907E7BCC67}"
EndProject
Project("{2150E333-8FDC-42A3-9474-1A3956D46DE8}") = "src", "src", "{AE0B3BC7-42CD-4D95-A34E-A5FF3148FF3B}"
EndProject
Project("{FAE04EC0-301F-11D3-BF4B-00C04F79EFBC}") = "logtool.ui", "src\logtool.ui\logtool.ui.csproj", "{B2829BCF-1815-4F15-8F72-A3B91DE74A54}"
EndProject
Global
	GlobalSection(SolutionConfigurationPlatforms) = preSolution
		Debug|Any CPU = Debug|Any CPU
		Release|Any CPU = Release|Any CPU
	EndGlobalSection
	GlobalSection(ProjectConfigurationPlatforms) = postSolution
		{34382369-3437-4D95-AA02-AA907E7BCC67}.Debug|Any CPU.ActiveCfg = Debug|Any CPU
		{34382369-3437-4D95-AA02-AA907E7BCC67}.Debug|Any CPU.Build.0 = Debug|Any CPU
		{34382369-3437-4D95-AA02-AA907E7BCC67}.Release|Any CPU.ActiveCfg = Release|Any CPU
		{34382369-3437-4D95-AA02-AA907E7BCC67}.Release|Any CPU.Build.0 = Release|Any CPU
		{B2829BCF-1815-4F15-8F72-A3B91DE74A54}.Debug|Any CPU.ActiveCfg = Debug|Any CPU
		{B2829BCF-1815-4F15-8F72-A3B91DE74A54}.Debug|Any CPU.Build.0 = Debug|Any CPU
		{B2829BCF-1815-4F15-8F72-A3B91DE74A54}.Release|Any CPU.ActiveCfg = Release|Any CPU
		{B2829BCF-1815-4F15-8F72-A3B91DE74A54}.Release|Any CPU.Build.0 = Release|Any CPU
	EndGlobalSection
	GlobalSection(SolutionProperties) = preSolution
		HideSolutionNode = FALSE
	EndGlobalSection
	GlobalSection(NestedProjects) = preSolution
		{34382369-3437-4D95-AA02-AA907E7BCC67} = {AE0B3BC7-42CD-4D95-A34E-A5FF3148FF3B}
		{B2829BCF-1815-4F15-8F72-A3B91DE74A54} = {AE0B3BC7-42CD-4D95-A34E-A5FF3148FF3B}
	EndGlobalSection
	GlobalSection(ExtensibilityGlobals) = postSolution
		SolutionGuid = {6C3E123F-1692-4CF1-9A7A-B98037AB603D}
	EndGlobalSection
EndGlobal
